
Microsoft Visual Studio Solution File, Format Version 12.00
# Visual Studio 15
VisualStudioVersion = 15.0.28307.572
MinimumVisualStudioVersion = 10.0.40219.1
Project("{FAE04EC0-301F-11D3-BF4B-00C04F79EFBC}") = "5.1", "5.1\5.1.csproj", "{CE8B0503-6BCC-40B1-81D8-FACEF5961F90}"
EndProject
Project("{FAE04EC0-301F-11D3-BF4B-00C04F79EFBC}") = "OrderService Test", "OrderService Test\OrderService Test.csproj", "{5780B8D2-B845-47D9-9C7A-3E91D8F9025E}"
EndProject
Global
	GlobalSection(SolutionConfigurationPlatforms) = preSolution
		Debug|Any CPU = Debug|Any CPU
		Release|Any CPU = Release|Any CPU
	EndGlobalSection
	GlobalSection(ProjectConfigurationPlatforms) = postSolution
		{CE8B0503-6BCC-40B1-81D8-FACEF5961F90}.Debug|Any CPU.ActiveCfg = Debug|Any CPU
		{CE8B0503-6BCC-40B1-81D8-FACEF5961F90}.Debug|Any CPU.Build.0 = Debug|Any CPU
		{CE8B0503-6BCC-40B1-81D8-FACEF5961F90}.Release|Any CPU.ActiveCfg = Release|Any CPU
		{CE8B0503-6BCC-40B1-81D8-FACEF5961F90}.Release|Any CPU.Build.0 = Release|Any CPU
		{5780B8D2-B845-47D9-9C7A-3E91D8F9025E}.Debug|Any CPU.ActiveCfg = Debug|Any CPU
		{5780B8D2-B845-47D9-9C7A-3E91D8F9025E}.Debug|Any CPU.Build.0 = Debug|Any CPU
		{5780B8D2-B845-47D9-9C7A-3E91D8F9025E}.Release|Any CPU.ActiveCfg = Release|Any CPU
		{5780B8D2-B845-47D9-9C7A-3E91D8F9025E}.Release|Any CPU.Build.0 = Release|Any CPU
	EndGlobalSection
	GlobalSection(SolutionProperties) = preSolution
		HideSolutionNode = FALSE
	EndGlobalSection
	GlobalSection(ExtensibilityGlobals) = postSolution
		SolutionGuid = {779D9892-816E-43E4-856C-EA14031A3ADE}
	EndGlobalSection
EndGlobal
