
Microsoft Visual Studio Solution File, Format Version 12.00
# Visual Studio 15
VisualStudioVersion = 15.0.28307.572
MinimumVisualStudioVersion = 10.0.40219.1
Project("{FAE04EC0-301F-11D3-BF4B-00C04F79EFBC}") = "2.1", "2.1\2.1.csproj", "{EB938E97-934D-4E57-902A-7AA9FBA8E84F}"
EndProject
Global
	GlobalSection(SolutionConfigurationPlatforms) = preSolution
		Debug|Any CPU = Debug|Any CPU
		Release|Any CPU = Release|Any CPU
	EndGlobalSection
	GlobalSection(ProjectConfigurationPlatforms) = postSolution
		{EB938E97-934D-4E57-902A-7AA9FBA8E84F}.Debug|Any CPU.ActiveCfg = Debug|Any CPU
		{EB938E97-934D-4E57-902A-7AA9FBA8E84F}.Debug|Any CPU.Build.0 = Debug|Any CPU
		{EB938E97-934D-4E57-902A-7AA9FBA8E84F}.Release|Any CPU.ActiveCfg = Release|Any CPU
		{EB938E97-934D-4E57-902A-7AA9FBA8E84F}.Release|Any CPU.Build.0 = Release|Any CPU
	EndGlobalSection
	GlobalSection(SolutionProperties) = preSolution
		HideSolutionNode = FALSE
	EndGlobalSection
	GlobalSection(ExtensibilityGlobals) = postSolution
		SolutionGuid = {36A79860-3D70-42AF-9EDC-6278F7652DB8}
	EndGlobalSection
EndGlobal
